
Microsoft Visual Studio Solution File, Format Version 12.00
# Visual Studio Version 17
VisualStudioVersion = 17.1.32407.343
MinimumVisualStudioVersion = 10.0.40219.1
Project("{8BC9CEB8-8B4A-11D0-8D11-00A0C91BC942}") = "cordic", "cordic\cordic.vcxproj", "{F14ED0CE-3211-4D5B-AFF8-08C5A0EA2367}"
EndProject
Global
	GlobalSection(SolutionConfigurationPlatforms) = preSolution
		Debug|x64 = Debug|x64
		Debug|x86 = Debug|x86
		Release|x64 = Release|x64
		Release|x86 = Release|x86
	EndGlobalSection
	GlobalSection(ProjectConfigurationPlatforms) = postSolution
		{F14ED0CE-3211-4D5B-AFF8-08C5A0EA2367}.Debug|x64.ActiveCfg = Debug|x64
		{F14ED0CE-3211-4D5B-AFF8-08C5A0EA2367}.Debug|x64.Build.0 = Debug|x64
		{F14ED0CE-3211-4D5B-AFF8-08C5A0EA2367}.Debug|x86.ActiveCfg = Debug|Win32
		{F14ED0CE-3211-4D5B-AFF8-08C5A0EA2367}.Debug|x86.Build.0 = Debug|Win32
		{F14ED0CE-3211-4D5B-AFF8-08C5A0EA2367}.Release|x64.ActiveCfg = Release|x64
		{F14ED0CE-3211-4D5B-AFF8-08C5A0EA2367}.Release|x64.Build.0 = Release|x64
		{F14ED0CE-3211-4D5B-AFF8-08C5A0EA2367}.Release|x86.ActiveCfg = Release|Win32
		{F14ED0CE-3211-4D5B-AFF8-08C5A0EA2367}.Release|x86.Build.0 = Release|Win32
	EndGlobalSection
	GlobalSection(SolutionProperties) = preSolution
		HideSolutionNode = FALSE
	EndGlobalSection
	GlobalSection(ExtensibilityGlobals) = postSolution
		SolutionGuid = {8A727D92-6F5C-4C25-86D6-D3412EA83E73}
	EndGlobalSection
EndGlobal
